
Microsoft Visual Studio Solution File, Format Version 12.00
# Visual Studio Version 16
VisualStudioVersion = 16.0.29905.134
MinimumVisualStudioVersion = 10.0.40219.1
Project("{FAE04EC0-301F-11D3-BF4B-00C04F79EFBC}") = "tugas class dan object", "tugas class dan object.csproj", "{8D0ACEAF-00A4-43E3-A225-4256426613EE}"
EndProject
Global
	GlobalSection(SolutionConfigurationPlatforms) = preSolution
		Debug|Any CPU = Debug|Any CPU
		Release|Any CPU = Release|Any CPU
	EndGlobalSection
	GlobalSection(ProjectConfigurationPlatforms) = postSolution
		{8D0ACEAF-00A4-43E3-A225-4256426613EE}.Debug|Any CPU.ActiveCfg = Debug|Any CPU
		{8D0ACEAF-00A4-43E3-A225-4256426613EE}.Debug|Any CPU.Build.0 = Debug|Any CPU
		{8D0ACEAF-00A4-43E3-A225-4256426613EE}.Release|Any CPU.ActiveCfg = Release|Any CPU
		{8D0ACEAF-00A4-43E3-A225-4256426613EE}.Release|Any CPU.Build.0 = Release|Any CPU
	EndGlobalSection
	GlobalSection(SolutionProperties) = preSolution
		HideSolutionNode = FALSE
	EndGlobalSection
	GlobalSection(ExtensibilityGlobals) = postSolution
		SolutionGuid = {45ABF2A3-396A-4B33-856C-01BE227AD34A}
	EndGlobalSection
EndGlobal
